
Microsoft Visual Studio Solution File, Format Version 12.00
# Visual Studio Version 16
VisualStudioVersion = 16.0.29509.3
MinimumVisualStudioVersion = 10.0.40219.1
Project("{FAE04EC0-301F-11D3-BF4B-00C04F79EFBC}") = "AutoMapperExample", "AutoMapperExample\AutoMapperExample.csproj", "{7678DDA9-39D6-4420-A24A-66F0C59BFB95}"
EndProject
Global
	GlobalSection(SolutionConfigurationPlatforms) = preSolution
		Debug|Any CPU = Debug|Any CPU
		Release|Any CPU = Release|Any CPU
	EndGlobalSection
	GlobalSection(ProjectConfigurationPlatforms) = postSolution
		{7678DDA9-39D6-4420-A24A-66F0C59BFB95}.Debug|Any CPU.ActiveCfg = Debug|Any CPU
		{7678DDA9-39D6-4420-A24A-66F0C59BFB95}.Debug|Any CPU.Build.0 = Debug|Any CPU
		{7678DDA9-39D6-4420-A24A-66F0C59BFB95}.Release|Any CPU.ActiveCfg = Release|Any CPU
		{7678DDA9-39D6-4420-A24A-66F0C59BFB95}.Release|Any CPU.Build.0 = Release|Any CPU
	EndGlobalSection
	GlobalSection(SolutionProperties) = preSolution
		HideSolutionNode = FALSE
	EndGlobalSection
	GlobalSection(ExtensibilityGlobals) = postSolution
		SolutionGuid = {51611D5B-A00D-48D7-AF7D-548D8298FE3F}
	EndGlobalSection
EndGlobal
